// !$*UTF8*$!
{
	archiveVersion = 1;
	classes = {
	};
	objectVersion = 50;
	objects = {

/* Begin PBXBuildFile section */
		D36F069A20CD816A00F192D9 /* AppDelegate.swift in Sources */ = {isa = PBXBuildFile; fileRef = D36F069920CD816A00F192D9 /* AppDelegate.swift */; };
		D36F06A120CD816B00F192D9 /* Assets.xcassets in Resources */ = {isa = PBXBuildFile; fileRef = D36F06A020CD816B00F192D9 /* Assets.xcassets */; };
		D36F06AC20CD81E900F192D9 /* Podfile in Resources */ = {isa = PBXBuildFile; fileRef = D36F06AB20CD81E800F192D9 /* Podfile */; };
		D36F06D120CD823200F192D9 /* Strings.swift in Sources */ = {isa = PBXBuildFile; fileRef = D36F06B020CD823000F192D9 /* Strings.swift */; };
		D36F06D320CD823200F192D9 /* .gitkeep in Resources */ = {isa = PBXBuildFile; fileRef = D36F06B320CD823000F192D9 /* .gitkeep */; };
		D36F06D420CD823200F192D9 /* Environment.swift in Sources */ = {isa = PBXBuildFile; fileRef = D36F06B420CD823000F192D9 /* Environment.swift */; };
		D36F06D520CD823200F192D9 /* APIError.swift in Sources */ = {isa = PBXBuildFile; fileRef = D36F06B620CD823000F192D9 /* APIError.swift */; };
		D36F06D620CD823200F192D9 /* test.json in Resources */ = {isa = PBXBuildFile; fileRef = D36F06B820CD823000F192D9 /* test.json */; };
		D36F06D720CD823200F192D9 /* APIClient.swift in Sources */ = {isa = PBXBuildFile; fileRef = D36F06B920CD823000F192D9 /* APIClient.swift */; };
		D36F06D820CD823200F192D9 /* API.swift in Sources */ = {isa = PBXBuildFile; fileRef = D36F06BA20CD823000F192D9 /* API.swift */; };
		D36F06D920CD823200F192D9 /* MoyaLogger.swift in Sources */ = {isa = PBXBuildFile; fileRef = D36F06BB20CD823000F192D9 /* MoyaLogger.swift */; };
		D36F06DA20CD823200F192D9 /* .gitkeep in Resources */ = {isa = PBXBuildFile; fileRef = D36F06BD20CD823000F192D9 /* .gitkeep */; };
		D36F06DD20CD823200F192D9 /* Storyboard.swift in Sources */ = {isa = PBXBuildFile; fileRef = D36F06C320CD823100F192D9 /* Storyboard.swift */; };
		D36F06E020CD823200F192D9 /* Appearance.swift in Sources */ = {isa = PBXBuildFile; fileRef = D36F06C820CD823100F192D9 /* Appearance.swift */; };
		D36F06E320CD823200F192D9 /* Config.swift in Sources */ = {isa = PBXBuildFile; fileRef = D36F06CD20CD823100F192D9 /* Config.swift */; };
		D36F06E420CD823200F192D9 /* Decoders.swift in Sources */ = {isa = PBXBuildFile; fileRef = D36F06CF20CD823200F192D9 /* Decoders.swift */; };
		D36F06E520CD823200F192D9 /* Formatters.swift in Sources */ = {isa = PBXBuildFile; fileRef = D36F06D020CD823200F192D9 /* Formatters.swift */; };
		D36F06EF20CD836700F192D9 /* Main.storyboard in Resources */ = {isa = PBXBuildFile; fileRef = D36F06ED20CD836700F192D9 /* Main.storyboard */; };
		D36F06F020CD836700F192D9 /* LaunchScreen.storyboard in Resources */ = {isa = PBXBuildFile; fileRef = D36F06EE20CD836700F192D9 /* LaunchScreen.storyboard */; };
		D36F06F320CD862E00F192D9 /* GoogleService-Info.plist in Resources */ = {isa = PBXBuildFile; fileRef = D36F06F220CD862E00F192D9 /* GoogleService-Info.plist */; };
		D36F06F520CD8C4700F192D9 /* Flickr.storyboard in Resources */ = {isa = PBXBuildFile; fileRef = D36F06F420CD8C4700F192D9 /* Flickr.storyboard */; };
		D36F06F820CD8DB500F192D9 /* ImageCollectionCell.xib in Resources */ = {isa = PBXBuildFile; fileRef = D36F06F620CD8DB500F192D9 /* ImageCollectionCell.xib */; };
		D36F06F920CD8DB500F192D9 /* ImageCollectionCell.swift in Sources */ = {isa = PBXBuildFile; fileRef = D36F06F720CD8DB500F192D9 /* ImageCollectionCell.swift */; };
		D36F06FB20CD8E0100F192D9 /* Photo.swift in Sources */ = {isa = PBXBuildFile; fileRef = D36F06FA20CD8E0100F192D9 /* Photo.swift */; };
		D36F06FE20CD8F7000F192D9 /* FlickrPhotoViewController.swift in Sources */ = {isa = PBXBuildFile; fileRef = D36F06FD20CD8F7000F192D9 /* FlickrPhotoViewController.swift */; };
		D36F070020CD905700F192D9 /* FlickrViewModel.swift in Sources */ = {isa = PBXBuildFile; fileRef = D36F06FF20CD905700F192D9 /* FlickrViewModel.swift */; };
		D36F070220CDA39E00F192D9 /* FlickrPhotoSearchResult.swift in Sources */ = {isa = PBXBuildFile; fileRef = D36F070120CDA39E00F192D9 /* FlickrPhotoSearchResult.swift */; };
		D36F070420CDBD9200F192D9 /* Colors.swift in Sources */ = {isa = PBXBuildFile; fileRef = D36F070320CDBD9200F192D9 /* Colors.swift */; };
		D36F070620CDE0E500F192D9 /* Processing.storyboard in Resources */ = {isa = PBXBuildFile; fileRef = D36F070520CDE0E500F192D9 /* Processing.storyboard */; };
		D36F070820CDE2F400F192D9 /* ImageTableViewCell.xib in Resources */ = {isa = PBXBuildFile; fileRef = D36F070720CDE2F400F192D9 /* ImageTableViewCell.xib */; };
		D36F070A20CDE33B00F192D9 /* ImageTableViewCell.swift in Sources */ = {isa = PBXBuildFile; fileRef = D36F070920CDE33B00F192D9 /* ImageTableViewCell.swift */; };
		D36F070C20CDE3B000F192D9 /* ImageProcessingViewModel.swift in Sources */ = {isa = PBXBuildFile; fileRef = D36F070B20CDE3B000F192D9 /* ImageProcessingViewModel.swift */; };
		D36F070E20CDE48C00F192D9 /* ImageProcessingViewController.swift in Sources */ = {isa = PBXBuildFile; fileRef = D36F070D20CDE48C00F192D9 /* ImageProcessingViewController.swift */; };
		D36F071020CDE68400F192D9 /* ProcessingSettings.swift in Sources */ = {isa = PBXBuildFile; fileRef = D36F070F20CDE68400F192D9 /* ProcessingSettings.swift */; };
		FD2A5D0ADE1D48B8BD5755AC /* Pods_MLKit_Vision_Demo.framework in Frameworks */ = {isa = PBXBuildFile; fileRef = 01A79028B97D9B84DCF1FCD3 /* Pods_MLKit_Vision_Demo.framework */; };
/* End PBXBuildFile section */

/* Begin PBXFileReference section */
		01A79028B97D9B84DCF1FCD3 /* Pods_MLKit_Vision_Demo.framework */ = {isa = PBXFileReference; explicitFileType = wrapper.framework; includeInIndex = 0; path = Pods_MLKit_Vision_Demo.framework; sourceTree = BUILT_PRODUCTS_DIR; };
		4DC415B69FEBA9ADD46D7911 /* Pods-MLKit-Vision-Demo.debug.xcconfig */ = {isa = PBXFileReference; includeInIndex = 1; lastKnownFileType = text.xcconfig; name = "Pods-MLKit-Vision-Demo.debug.xcconfig"; path = "Pods/Target Support Files/Pods-MLKit-Vision-Demo/Pods-MLKit-Vision-Demo.debug.xcconfig"; sourceTree = "<group>"; };
		D36F069620CD816A00F192D9 /* MLKit-Vision-Demo.app */ = {isa = PBXFileReference; explicitFileType = wrapper.application; includeInIndex = 0; path = "MLKit-Vision-Demo.app"; sourceTree = BUILT_PRODUCTS_DIR; };
		D36F069920CD816A00F192D9 /* AppDelegate.swift */ = {isa = PBXFileReference; lastKnownFileType = sourcecode.swift; path = AppDelegate.swift; sourceTree = "<group>"; };
		D36F06A020CD816B00F192D9 /* Assets.xcassets */ = {isa = PBXFileReference; lastKnownFileType = folder.assetcatalog; path = Assets.xcassets; sourceTree = "<group>"; };
		D36F06AB20CD81E800F192D9 /* Podfile */ = {isa = PBXFileReference; fileEncoding = 4; lastKnownFileType = text; path = Podfile; sourceTree = "<group>"; xcLanguageSpecificationIdentifier = xcode.lang.ruby; };
		D36F06AE20CD822200F192D9 /* Info.plist */ = {isa = PBXFileReference; fileEncoding = 4; lastKnownFileType = text.plist.xml; path = Info.plist; sourceTree = "<group>"; };
		D36F06B020CD823000F192D9 /* Strings.swift */ = {isa = PBXFileReference; fileEncoding = 4; lastKnownFileType = sourcecode.swift; path = Strings.swift; sourceTree = "<group>"; };
		D36F06B320CD823000F192D9 /* .gitkeep */ = {isa = PBXFileReference; fileEncoding = 4; lastKnownFileType = text; path = .gitkeep; sourceTree = "<group>"; };
		D36F06B420CD823000F192D9 /* Environment.swift */ = {isa = PBXFileReference; fileEncoding = 4; lastKnownFileType = sourcecode.swift; path = Environment.swift; sourceTree = "<group>"; };
		D36F06B620CD823000F192D9 /* APIError.swift */ = {isa = PBXFileReference; fileEncoding = 4; lastKnownFileType = sourcecode.swift; path = APIError.swift; sourceTree = "<group>"; };
		D36F06B820CD823000F192D9 /* test.json */ = {isa = PBXFileReference; fileEncoding = 4; lastKnownFileType = text.json; path = test.json; sourceTree = "<group>"; };
		D36F06B920CD823000F192D9 /* APIClient.swift */ = {isa = PBXFileReference; fileEncoding = 4; lastKnownFileType = sourcecode.swift; path = APIClient.swift; sourceTree = "<group>"; };
		D36F06BA20CD823000F192D9 /* API.swift */ = {isa = PBXFileReference; fileEncoding = 4; lastKnownFileType = sourcecode.swift; path = API.swift; sourceTree = "<group>"; };
		D36F06BB20CD823000F192D9 /* MoyaLogger.swift */ = {isa = PBXFileReference; fileEncoding = 4; lastKnownFileType = sourcecode.swift; path = MoyaLogger.swift; sourceTree = "<group>"; };
		D36F06BD20CD823000F192D9 /* .gitkeep */ = {isa = PBXFileReference; fileEncoding = 4; lastKnownFileType = text; path = .gitkeep; sourceTree = "<group>"; };
		D36F06C320CD823100F192D9 /* Storyboard.swift */ = {isa = PBXFileReference; fileEncoding = 4; lastKnownFileType = sourcecode.swift; path = Storyboard.swift; sourceTree = "<group>"; };
		D36F06C820CD823100F192D9 /* Appearance.swift */ = {isa = PBXFileReference; fileEncoding = 4; lastKnownFileType = sourcecode.swift; path = Appearance.swift; sourceTree = "<group>"; };
		D36F06CD20CD823100F192D9 /* Config.swift */ = {isa = PBXFileReference; fileEncoding = 4; lastKnownFileType = sourcecode.swift; path = Config.swift; sourceTree = "<group>"; };
		D36F06CF20CD823200F192D9 /* Decoders.swift */ = {isa = PBXFileReference; fileEncoding = 4; lastKnownFileType = sourcecode.swift; path = Decoders.swift; sourceTree = "<group>"; };
		D36F06D020CD823200F192D9 /* Formatters.swift */ = {isa = PBXFileReference; fileEncoding = 4; lastKnownFileType = sourcecode.swift; path = Formatters.swift; sourceTree = "<group>"; };
		D36F06ED20CD836700F192D9 /* Main.storyboard */ = {isa = PBXFileReference; fileEncoding = 4; lastKnownFileType = file.storyboard; path = Main.storyboard; sourceTree = "<group>"; };
		D36F06EE20CD836700F192D9 /* LaunchScreen.storyboard */ = {isa = PBXFileReference; fileEncoding = 4; lastKnownFileType = file.storyboard; path = LaunchScreen.storyboard; sourceTree = "<group>"; };
		D36F06F220CD862E00F192D9 /* GoogleService-Info.plist */ = {isa = PBXFileReference; fileEncoding = 4; lastKnownFileType = text.plist.xml; path = "GoogleService-Info.plist"; sourceTree = "<group>"; };
		D36F06F420CD8C4700F192D9 /* Flickr.storyboard */ = {isa = PBXFileReference; lastKnownFileType = file.storyboard; path = Flickr.storyboard; sourceTree = "<group>"; };
		D36F06F620CD8DB500F192D9 /* ImageCollectionCell.xib */ = {isa = PBXFileReference; fileEncoding = 4; lastKnownFileType = file.xib; path = ImageCollectionCell.xib; sourceTree = "<group>"; };
		D36F06F720CD8DB500F192D9 /* ImageCollectionCell.swift */ = {isa = PBXFileReference; fileEncoding = 4; lastKnownFileType = sourcecode.swift; path = ImageCollectionCell.swift; sourceTree = "<group>"; };
		D36F06FA20CD8E0100F192D9 /* Photo.swift */ = {isa = PBXFileReference; lastKnownFileType = sourcecode.swift; path = Photo.swift; sourceTree = "<group>"; };
		D36F06FD20CD8F7000F192D9 /* FlickrPhotoViewController.swift */ = {isa = PBXFileReference; lastKnownFileType = sourcecode.swift; path = FlickrPhotoViewController.swift; sourceTree = "<group>"; };
		D36F06FF20CD905700F192D9 /* FlickrViewModel.swift */ = {isa = PBXFileReference; lastKnownFileType = sourcecode.swift; path = FlickrViewModel.swift; sourceTree = "<group>"; };
		D36F070120CDA39E00F192D9 /* FlickrPhotoSearchResult.swift */ = {isa = PBXFileReference; lastKnownFileType = sourcecode.swift; path = FlickrPhotoSearchResult.swift; sourceTree = "<group>"; };
		D36F070320CDBD9200F192D9 /* Colors.swift */ = {isa = PBXFileReference; lastKnownFileType = sourcecode.swift; path = Colors.swift; sourceTree = "<group>"; };
		D36F070520CDE0E500F192D9 /* Processing.storyboard */ = {isa = PBXFileReference; lastKnownFileType = file.storyboard; path = Processing.storyboard; sourceTree = "<group>"; };
		D36F070720CDE2F400F192D9 /* ImageTableViewCell.xib */ = {isa = PBXFileReference; lastKnownFileType = file.xib; path = ImageTableViewCell.xib; sourceTree = "<group>"; };
		D36F070920CDE33B00F192D9 /* ImageTableViewCell.swift */ = {isa = PBXFileReference; lastKnownFileType = sourcecode.swift; path = ImageTableViewCell.swift; sourceTree = "<group>"; };
		D36F070B20CDE3B000F192D9 /* ImageProcessingViewModel.swift */ = {isa = PBXFileReference; lastKnownFileType = sourcecode.swift; path = ImageProcessingViewModel.swift; sourceTree = "<group>"; };
		D36F070D20CDE48C00F192D9 /* ImageProcessingViewController.swift */ = {isa = PBXFileReference; lastKnownFileType = sourcecode.swift; path = ImageProcessingViewController.swift; sourceTree = "<group>"; };
		D36F070F20CDE68400F192D9 /* ProcessingSettings.swift */ = {isa = PBXFileReference; lastKnownFileType = sourcecode.swift; path = ProcessingSettings.swift; sourceTree = "<group>"; };
		DC48606F49B003EB356EA9EE /* Pods-MLKit-Vision-Demo.release.xcconfig */ = {isa = PBXFileReference; includeInIndex = 1; lastKnownFileType = text.xcconfig; name = "Pods-MLKit-Vision-Demo.release.xcconfig"; path = "Pods/Target Support Files/Pods-MLKit-Vision-Demo/Pods-MLKit-Vision-Demo.release.xcconfig"; sourceTree = "<group>"; };
/* End PBXFileReference section */

/* Begin PBXFrameworksBuildPhase section */
		D36F069320CD816A00F192D9 /* Frameworks */ = {
			isa = PBXFrameworksBuildPhase;
			buildActionMask = 2147483647;
			files = (
				FD2A5D0ADE1D48B8BD5755AC /* Pods_MLKit_Vision_Demo.framework in Frameworks */,
			);
			runOnlyForDeploymentPostprocessing = 0;
		};
/* End PBXFrameworksBuildPhase section */

/* Begin PBXGroup section */
		337E2AC378085224BC79AB79 /* Frameworks */ = {
			isa = PBXGroup;
			children = (
				01A79028B97D9B84DCF1FCD3 /* Pods_MLKit_Vision_Demo.framework */,
			);
			name = Frameworks;
			sourceTree = "<group>";
		};
		4421D6CA5DFC26B2EA4E78CB /* Pods */ = {
			isa = PBXGroup;
			children = (
				4DC415B69FEBA9ADD46D7911 /* Pods-MLKit-Vision-Demo.debug.xcconfig */,
				DC48606F49B003EB356EA9EE /* Pods-MLKit-Vision-Demo.release.xcconfig */,
			);
			name = Pods;
			sourceTree = "<group>";
		};
		D36F068D20CD816A00F192D9 = {
			isa = PBXGroup;
			children = (
				D36F06AB20CD81E800F192D9 /* Podfile */,
				D36F069820CD816A00F192D9 /* MLKit-Vision-Demo */,
				D36F069720CD816A00F192D9 /* Products */,
				4421D6CA5DFC26B2EA4E78CB /* Pods */,
				337E2AC378085224BC79AB79 /* Frameworks */,
			);
			sourceTree = "<group>";
		};
		D36F069720CD816A00F192D9 /* Products */ = {
			isa = PBXGroup;
			children = (
				D36F069620CD816A00F192D9 /* MLKit-Vision-Demo.app */,
			);
			name = Products;
			sourceTree = "<group>";
		};
		D36F069820CD816A00F192D9 /* MLKit-Vision-Demo */ = {
			isa = PBXGroup;
			children = (
				D36F069920CD816A00F192D9 /* AppDelegate.swift */,
				D36F06CD20CD823100F192D9 /* Config.swift */,
				D36F06B420CD823000F192D9 /* Environment.swift */,
				D36F06C820CD823100F192D9 /* Appearance.swift */,
				D36F070320CDBD9200F192D9 /* Colors.swift */,
				D36F06B020CD823000F192D9 /* Strings.swift */,
				D36F06BE20CD823100F192D9 /* Storyboards */,
				D36F06CB20CD823100F192D9 /* ViewControllers */,
				D36F06C420CD823100F192D9 /* ViewModels */,
				D36F06C620CD823100F192D9 /* Views */,
				D36F06C920CD823100F192D9 /* Models */,
				D36F06B220CD823000F192D9 /* Controllers */,
				D36F06B520CD823000F192D9 /* Networking */,
				D36F06BC20CD823000F192D9 /* Extensions */,
				D36F06CE20CD823200F192D9 /* Utilities */,
				D36F06F120CD83B200F192D9 /* Assets */,
				D36F06AD20CD822200F192D9 /* SupportingFiles */,
			);
			path = "MLKit-Vision-Demo";
			sourceTree = "<group>";
		};
		D36F06AD20CD822200F192D9 /* SupportingFiles */ = {
			isa = PBXGroup;
			children = (
				D36F06F220CD862E00F192D9 /* GoogleService-Info.plist */,
				D36F06AE20CD822200F192D9 /* Info.plist */,
			);
			path = SupportingFiles;
			sourceTree = "<group>";
		};
		D36F06B220CD823000F192D9 /* Controllers */ = {
			isa = PBXGroup;
			children = (
				D36F06B320CD823000F192D9 /* .gitkeep */,
			);
			path = Controllers;
			sourceTree = "<group>";
		};
		D36F06B520CD823000F192D9 /* Networking */ = {
			isa = PBXGroup;
			children = (
				D36F06BA20CD823000F192D9 /* API.swift */,
				D36F06B920CD823000F192D9 /* APIClient.swift */,
				D36F06B620CD823000F192D9 /* APIError.swift */,
				D36F06BB20CD823000F192D9 /* MoyaLogger.swift */,
				D36F06B720CD823000F192D9 /* StubData */,
			);
			path = Networking;
			sourceTree = "<group>";
		};
		D36F06B720CD823000F192D9 /* StubData */ = {
			isa = PBXGroup;
			children = (
				D36F06B820CD823000F192D9 /* test.json */,
			);
			path = StubData;
			sourceTree = "<group>";
		};
		D36F06BC20CD823000F192D9 /* Extensions */ = {
			isa = PBXGroup;
			children = (
				D36F06BD20CD823000F192D9 /* .gitkeep */,
			);
			path = Extensions;
			sourceTree = "<group>";
		};
		D36F06BE20CD823100F192D9 /* Storyboards */ = {
			isa = PBXGroup;
			children = (
				D36F06EE20CD836700F192D9 /* LaunchScreen.storyboard */,
				D36F06ED20CD836700F192D9 /* Main.storyboard */,
				D36F06F420CD8C4700F192D9 /* Flickr.storyboard */,
				D36F070520CDE0E500F192D9 /* Processing.storyboard */,
				D36F06C320CD823100F192D9 /* Storyboard.swift */,
			);
			path = Storyboards;
			sourceTree = "<group>";
		};
		D36F06C420CD823100F192D9 /* ViewModels */ = {
			isa = PBXGroup;
			children = (
				D36F06FF20CD905700F192D9 /* FlickrViewModel.swift */,
				D36F070B20CDE3B000F192D9 /* ImageProcessingViewModel.swift */,
			);
			path = ViewModels;
			sourceTree = "<group>";
		};
		D36F06C620CD823100F192D9 /* Views */ = {
			isa = PBXGroup;
			children = (
				D36F06F620CD8DB500F192D9 /* ImageCollectionCell.xib */,
				D36F06F720CD8DB500F192D9 /* ImageCollectionCell.swift */,
				D36F070720CDE2F400F192D9 /* ImageTableViewCell.xib */,
				D36F070920CDE33B00F192D9 /* ImageTableViewCell.swift */,
			);
			path = Views;
			sourceTree = "<group>";
		};
		D36F06C920CD823100F192D9 /* Models */ = {
			isa = PBXGroup;
			children = (
				D36F06FA20CD8E0100F192D9 /* Photo.swift */,
				D36F070120CDA39E00F192D9 /* FlickrPhotoSearchResult.swift */,
				D36F070F20CDE68400F192D9 /* ProcessingSettings.swift */,
			);
			path = Models;
			sourceTree = "<group>";
		};
		D36F06CB20CD823100F192D9 /* ViewControllers */ = {
			isa = PBXGroup;
			children = (
				D36F06FC20CD8F5200F192D9 /* Flickr */,
				D36F070D20CDE48C00F192D9 /* ImageProcessingViewController.swift */,
			);
			path = ViewControllers;
			sourceTree = "<group>";
		};
		D36F06CE20CD823200F192D9 /* Utilities */ = {
			isa = PBXGroup;
			children = (
				D36F06CF20CD823200F192D9 /* Decoders.swift */,
				D36F06D020CD823200F192D9 /* Formatters.swift */,
			);
			path = Utilities;
			sourceTree = "<group>";
		};
		D36F06F120CD83B200F192D9 /* Assets */ = {
			isa = PBXGroup;
			children = (
				D36F06A020CD816B00F192D9 /* Assets.xcassets */,
			);
			path = Assets;
			sourceTree = "<group>";
		};
		D36F06FC20CD8F5200F192D9 /* Flickr */ = {
			isa = PBXGroup;
			children = (
				D36F06FD20CD8F7000F192D9 /* FlickrPhotoViewController.swift */,
			);
			path = Flickr;
			sourceTree = "<group>";
		};
/* End PBXGroup section */

/* Begin PBXNativeTarget section */
		D36F069520CD816A00F192D9 /* MLKit-Vision-Demo */ = {
			isa = PBXNativeTarget;
			buildConfigurationList = D36F06A820CD816B00F192D9 /* Build configuration list for PBXNativeTarget "MLKit-Vision-Demo" */;
			buildPhases = (
				332DF2F31EE5BE821A38D43A /* [CP] Check Pods Manifest.lock */,
				D36F069220CD816A00F192D9 /* Sources */,
				D36F069320CD816A00F192D9 /* Frameworks */,
				D36F069420CD816A00F192D9 /* Resources */,
				653428A99D26E8B52196F988 /* [CP] Embed Pods Frameworks */,
				C029AB0AFC1F52157AA48E75 /* [CP] Copy Pods Resources */,
			);
			buildRules = (
			);
			dependencies = (
			);
			name = "MLKit-Vision-Demo";
			productName = "MLKit-Vision-Demo";
			productReference = D36F069620CD816A00F192D9 /* MLKit-Vision-Demo.app */;
			productType = "com.apple.product-type.application";
		};
/* End PBXNativeTarget section */

/* Begin PBXProject section */
		D36F068E20CD816A00F192D9 /* Project object */ = {
			isa = PBXProject;
			attributes = {
				LastSwiftUpdateCheck = 0940;
				LastUpgradeCheck = 0940;
				ORGANIZATIONNAME = "Matthias Wagner";
				TargetAttributes = {
					D36F069520CD816A00F192D9 = {
						CreatedOnToolsVersion = 9.4;
					};
				};
			};
			buildConfigurationList = D36F069120CD816A00F192D9 /* Build configuration list for PBXProject "MLKit-Vision-Demo" */;
			compatibilityVersion = "Xcode 9.3";
			developmentRegion = en;
			hasScannedForEncodings = 0;
			knownRegions = (
				en,
				Base,
			);
			mainGroup = D36F068D20CD816A00F192D9;
			productRefGroup = D36F069720CD816A00F192D9 /* Products */;
			projectDirPath = "";
			projectRoot = "";
			targets = (
				D36F069520CD816A00F192D9 /* MLKit-Vision-Demo */,
			);
		};
/* End PBXProject section */

/* Begin PBXResourcesBuildPhase section */
		D36F069420CD816A00F192D9 /* Resources */ = {
			isa = PBXResourcesBuildPhase;
			buildActionMask = 2147483647;
			files = (
				D36F06F520CD8C4700F192D9 /* Flickr.storyboard in Resources */,
				D36F070820CDE2F400F192D9 /* ImageTableViewCell.xib in Resources */,
				D36F06F820CD8DB500F192D9 /* ImageCollectionCell.xib in Resources */,
				D36F06A120CD816B00F192D9 /* Assets.xcassets in Resources */,
				D36F070620CDE0E500F192D9 /* Processing.storyboard in Resources */,
				D36F06F020CD836700F192D9 /* LaunchScreen.storyboard in Resources */,
				D36F06AC20CD81E900F192D9 /* Podfile in Resources */,
				D36F06D320CD823200F192D9 /* .gitkeep in Resources */,
				D36F06F320CD862E00F192D9 /* GoogleService-Info.plist in Resources */,
				D36F06EF20CD836700F192D9 /* Main.storyboard in Resources */,
				D36F06D620CD823200F192D9 /* test.json in Resources */,
				D36F06DA20CD823200F192D9 /* .gitkeep in Resources */,
			);
			runOnlyForDeploymentPostprocessing = 0;
		};
/* End PBXResourcesBuildPhase section */

/* Begin PBXShellScriptBuildPhase section */
		332DF2F31EE5BE821A38D43A /* [CP] Check Pods Manifest.lock */ = {
			isa = PBXShellScriptBuildPhase;
			buildActionMask = 2147483647;
			files = (
			);
			inputPaths = (
				"${PODS_PODFILE_DIR_PATH}/Podfile.lock",
				"${PODS_ROOT}/Manifest.lock",
			);
			name = "[CP] Check Pods Manifest.lock";
			outputPaths = (
				"$(DERIVED_FILE_DIR)/Pods-MLKit-Vision-Demo-checkManifestLockResult.txt",
			);
			runOnlyForDeploymentPostprocessing = 0;
			shellPath = /bin/sh;
			shellScript = "diff \"${PODS_PODFILE_DIR_PATH}/Podfile.lock\" \"${PODS_ROOT}/Manifest.lock\" > /dev/null\nif [ $? != 0 ] ; then\n    # print error to STDERR\n    echo \"error: The sandbox is not in sync with the Podfile.lock. Run 'pod install' or update your CocoaPods installation.\" >&2\n    exit 1\nfi\n# This output is used by Xcode 'outputs' to avoid re-running this script phase.\necho \"SUCCESS\" > \"${SCRIPT_OUTPUT_FILE_0}\"\n";
			showEnvVarsInLog = 0;
		};
		653428A99D26E8B52196F988 /* [CP] Embed Pods Frameworks */ = {
			isa = PBXShellScriptBuildPhase;
			buildActionMask = 2147483647;
			files = (
			);
			inputPaths = (
				"${SRCROOT}/Pods/Target Support Files/Pods-MLKit-Vision-Demo/Pods-MLKit-Vision-Demo-frameworks.sh",
				"${BUILT_PRODUCTS_DIR}/Alamofire/Alamofire.framework",
				"${BUILT_PRODUCTS_DIR}/AlamofireImage/AlamofireImage.framework",
				"${BUILT_PRODUCTS_DIR}/Diff/Diff.framework",
				"${BUILT_PRODUCTS_DIR}/GDPerformanceView-Swift/GDPerformanceView_Swift.framework",
				"${BUILT_PRODUCTS_DIR}/GTMSessionFetcher/GTMSessionFetcher.framework",
				"${BUILT_PRODUCTS_DIR}/GoogleAPIClientForREST/GoogleAPIClientForREST.framework",
				"${BUILT_PRODUCTS_DIR}/GoogleToolboxForMac/GoogleToolboxForMac.framework",
				"${BUILT_PRODUCTS_DIR}/MBDataSource/MBDataSource.framework",
				"${BUILT_PRODUCTS_DIR}/Moya/Moya.framework",
				"${BUILT_PRODUCTS_DIR}/PKHUD/PKHUD.framework",
				"${BUILT_PRODUCTS_DIR}/Protobuf/Protobuf.framework",
				"${BUILT_PRODUCTS_DIR}/ReactiveCocoa/ReactiveCocoa.framework",
				"${BUILT_PRODUCTS_DIR}/ReactiveSwift/ReactiveSwift.framework",
				"${BUILT_PRODUCTS_DIR}/Result/Result.framework",
				"${BUILT_PRODUCTS_DIR}/leveldb-library/leveldb.framework",
				"${BUILT_PRODUCTS_DIR}/nanopb/nanopb.framework",
			);
			name = "[CP] Embed Pods Frameworks";
			outputPaths = (
				"${TARGET_BUILD_DIR}/${FRAMEWORKS_FOLDER_PATH}/Alamofire.framework",
				"${TARGET_BUILD_DIR}/${FRAMEWORKS_FOLDER_PATH}/AlamofireImage.framework",
				"${TARGET_BUILD_DIR}/${FRAMEWORKS_FOLDER_PATH}/Diff.framework",
				"${TARGET_BUILD_DIR}/${FRAMEWORKS_FOLDER_PATH}/GDPerformanceView_Swift.framework",
				"${TARGET_BUILD_DIR}/${FRAMEWORKS_FOLDER_PATH}/GTMSessionFetcher.framework",
				"${TARGET_BUILD_DIR}/${FRAMEWORKS_FOLDER_PATH}/GoogleAPIClientForREST.framework",
				"${TARGET_BUILD_DIR}/${FRAMEWORKS_FOLDER_PATH}/GoogleToolboxForMac.framework",
				"${TARGET_BUILD_DIR}/${FRAMEWORKS_FOLDER_PATH}/MBDataSource.framework",
				"${TARGET_BUILD_DIR}/${FRAMEWORKS_FOLDER_PATH}/Moya.framework",
				"${TARGET_BUILD_DIR}/${FRAMEWORKS_FOLDER_PATH}/PKHUD.framework",
				"${TARGET_BUILD_DIR}/${FRAMEWORKS_FOLDER_PATH}/Protobuf.framework",
				"${TARGET_BUILD_DIR}/${FRAMEWORKS_FOLDER_PATH}/ReactiveCocoa.framework",
				"${TARGET_BUILD_DIR}/${FRAMEWORKS_FOLDER_PATH}/ReactiveSwift.framework",
				"${TARGET_BUILD_DIR}/${FRAMEWORKS_FOLDER_PATH}/Result.framework",
				"${TARGET_BUILD_DIR}/${FRAMEWORKS_FOLDER_PATH}/leveldb.framework",
				"${TARGET_BUILD_DIR}/${FRAMEWORKS_FOLDER_PATH}/nanopb.framework",
			);
			runOnlyForDeploymentPostprocessing = 0;
			shellPath = /bin/sh;
			shellScript = "\"${SRCROOT}/Pods/Target Support Files/Pods-MLKit-Vision-Demo/Pods-MLKit-Vision-Demo-frameworks.sh\"\n";
			showEnvVarsInLog = 0;
		};
		C029AB0AFC1F52157AA48E75 /* [CP] Copy Pods Resources */ = {
			isa = PBXShellScriptBuildPhase;
			buildActionMask = 2147483647;
			files = (
			);
			inputPaths = (
				"${SRCROOT}/Pods/Target Support Files/Pods-MLKit-Vision-Demo/Pods-MLKit-Vision-Demo-resources.sh",
				"${PODS_CONFIGURATION_BUILD_DIR}/GoogleMobileVision/GoogleMVFaceDetectorResources.bundle",
				"${PODS_CONFIGURATION_BUILD_DIR}/GoogleMobileVision/GoogleMVTextDetectorResources.bundle",
			);
			name = "[CP] Copy Pods Resources";
			outputPaths = (
				"${TARGET_BUILD_DIR}/${UNLOCALIZED_RESOURCES_FOLDER_PATH}/GoogleMVFaceDetectorResources.bundle",
				"${TARGET_BUILD_DIR}/${UNLOCALIZED_RESOURCES_FOLDER_PATH}/GoogleMVTextDetectorResources.bundle",
			);
			runOnlyForDeploymentPostprocessing = 0;
			shellPath = /bin/sh;
			shellScript = "\"${SRCROOT}/Pods/Target Support Files/Pods-MLKit-Vision-Demo/Pods-MLKit-Vision-Demo-resources.sh\"\n";
			showEnvVarsInLog = 0;
		};
/* End PBXShellScriptBuildPhase section */

/* Begin PBXSourcesBuildPhase section */
		D36F069220CD816A00F192D9 /* Sources */ = {
			isa = PBXSourcesBuildPhase;
			buildActionMask = 2147483647;
			files = (
				D36F06D720CD823200F192D9 /* APIClient.swift in Sources */,
				D36F06E520CD823200F192D9 /* Formatters.swift in Sources */,
				D36F070E20CDE48C00F192D9 /* ImageProcessingViewController.swift in Sources */,
				D36F06E420CD823200F192D9 /* Decoders.swift in Sources */,
				D36F06E320CD823200F192D9 /* Config.swift in Sources */,
				D36F06D120CD823200F192D9 /* Strings.swift in Sources */,
				D36F069A20CD816A00F192D9 /* AppDelegate.swift in Sources */,
				D36F06F920CD8DB500F192D9 /* ImageCollectionCell.swift in Sources */,
				D36F070220CDA39E00F192D9 /* FlickrPhotoSearchResult.swift in Sources */,
				D36F06D920CD823200F192D9 /* MoyaLogger.swift in Sources */,
				D36F06FB20CD8E0100F192D9 /* Photo.swift in Sources */,
				D36F06DD20CD823200F192D9 /* Storyboard.swift in Sources */,
				D36F070420CDBD9200F192D9 /* Colors.swift in Sources */,
				D36F071020CDE68400F192D9 /* ProcessingSettings.swift in Sources */,
				D36F070020CD905700F192D9 /* FlickrViewModel.swift in Sources */,
				D36F06E020CD823200F192D9 /* Appearance.swift in Sources */,
				D36F070C20CDE3B000F192D9 /* ImageProcessingViewModel.swift in Sources */,
				D36F06D420CD823200F192D9 /* Environment.swift in Sources */,
				D36F06D820CD823200F192D9 /* API.swift in Sources */,
				D36F070A20CDE33B00F192D9 /* ImageTableViewCell.swift in Sources */,
				D36F06FE20CD8F7000F192D9 /* FlickrPhotoViewController.swift in Sources */,
				D36F06D520CD823200F192D9 /* APIError.swift in Sources */,
			);
			runOnlyForDeploymentPostprocessing = 0;
		};
/* End PBXSourcesBuildPhase section */

/* Begin XCBuildConfiguration section */
		D36F06A620CD816B00F192D9 /* Debug */ = {
			isa = XCBuildConfiguration;
			buildSettings = {
				ALWAYS_SEARCH_USER_PATHS = NO;
				CLANG_ANALYZER_NONNULL = YES;
				CLANG_ANALYZER_NUMBER_OBJECT_CONVERSION = YES_AGGRESSIVE;
				CLANG_CXX_LANGUAGE_STANDARD = "gnu++14";
				CLANG_CXX_LIBRARY = "libc++";
				CLANG_ENABLE_MODULES = YES;
				CLANG_ENABLE_OBJC_ARC = YES;
				CLANG_ENABLE_OBJC_WEAK = YES;
				CLANG_WARN_BLOCK_CAPTURE_AUTORELEASING = YES;
				CLANG_WARN_BOOL_CONVERSION = YES;
				CLANG_WARN_COMMA = YES;
				CLANG_WARN_CONSTANT_CONVERSION = YES;
				CLANG_WARN_DEPRECATED_OBJC_IMPLEMENTATIONS = YES;
				CLANG_WARN_DIRECT_OBJC_ISA_USAGE = YES_ERROR;
				CLANG_WARN_DOCUMENTATION_COMMENTS = YES;
				CLANG_WARN_EMPTY_BODY = YES;
				CLANG_WARN_ENUM_CONVERSION = YES;
				CLANG_WARN_INFINITE_RECURSION = YES;
				CLANG_WARN_INT_CONVERSION = YES;
				CLANG_WARN_NON_LITERAL_NULL_CONVERSION = YES;
				CLANG_WARN_OBJC_IMPLICIT_RETAIN_SELF = YES;
				CLANG_WARN_OBJC_LITERAL_CONVERSION = YES;
				CLANG_WARN_OBJC_ROOT_CLASS = YES_ERROR;
				CLANG_WARN_RANGE_LOOP_ANALYSIS = YES;
				CLANG_WARN_STRICT_PROTOTYPES = YES;
				CLANG_WARN_SUSPICIOUS_MOVE = YES;
				CLANG_WARN_UNGUARDED_AVAILABILITY = YES_AGGRESSIVE;
				CLANG_WARN_UNREACHABLE_CODE = YES;
				CLANG_WARN__DUPLICATE_METHOD_MATCH = YES;
				CODE_SIGN_IDENTITY = "iPhone Developer";
				COPY_PHASE_STRIP = NO;
				DEBUG_INFORMATION_FORMAT = dwarf;
				ENABLE_STRICT_OBJC_MSGSEND = YES;
				ENABLE_TESTABILITY = YES;
				GCC_C_LANGUAGE_STANDARD = gnu11;
				GCC_DYNAMIC_NO_PIC = NO;
				GCC_NO_COMMON_BLOCKS = YES;
				GCC_OPTIMIZATION_LEVEL = 0;
				GCC_PREPROCESSOR_DEFINITIONS = (
					"DEBUG=1",
					"$(inherited)",
				);
				GCC_WARN_64_TO_32_BIT_CONVERSION = YES;
				GCC_WARN_ABOUT_RETURN_TYPE = YES_ERROR;
				GCC_WARN_UNDECLARED_SELECTOR = YES;
				GCC_WARN_UNINITIALIZED_AUTOS = YES_AGGRESSIVE;
				GCC_WARN_UNUSED_FUNCTION = YES;
				GCC_WARN_UNUSED_VARIABLE = YES;
				IPHONEOS_DEPLOYMENT_TARGET = 11.4;
				MTL_ENABLE_DEBUG_INFO = YES;
				ONLY_ACTIVE_ARCH = YES;
				SDKROOT = iphoneos;
				SWIFT_ACTIVE_COMPILATION_CONDITIONS = DEBUG;
				SWIFT_OPTIMIZATION_LEVEL = "-Onone";
			};
			name = Debug;
		};
		D36F06A720CD816B00F192D9 /* Release */ = {
			isa = XCBuildConfiguration;
			buildSettings = {
				ALWAYS_SEARCH_USER_PATHS = NO;
				CLANG_ANALYZER_NONNULL = YES;
				CLANG_ANALYZER_NUMBER_OBJECT_CONVERSION = YES_AGGRESSIVE;
				CLANG_CXX_LANGUAGE_STANDARD = "gnu++14";
				CLANG_CXX_LIBRARY = "libc++";
				CLANG_ENABLE_MODULES = YES;
				CLANG_ENABLE_OBJC_ARC = YES;
				CLANG_ENABLE_OBJC_WEAK = YES;
				CLANG_WARN_BLOCK_CAPTURE_AUTORELEASING = YES;
				CLANG_WARN_BOOL_CONVERSION = YES;
				CLANG_WARN_COMMA = YES;
				CLANG_WARN_CONSTANT_CONVERSION = YES;
				CLANG_WARN_DEPRECATED_OBJC_IMPLEMENTATIONS = YES;
				CLANG_WARN_DIRECT_OBJC_ISA_USAGE = YES_ERROR;
				CLANG_WARN_DOCUMENTATION_COMMENTS = YES;
				CLANG_WARN_EMPTY_BODY = YES;
				CLANG_WARN_ENUM_CONVERSION = YES;
				CLANG_WARN_INFINITE_RECURSION = YES;
				CLANG_WARN_INT_CONVERSION = YES;
				CLANG_WARN_NON_LITERAL_NULL_CONVERSION = YES;
				CLANG_WARN_OBJC_IMPLICIT_RETAIN_SELF = YES;
				CLANG_WARN_OBJC_LITERAL_CONVERSION = YES;
				CLANG_WARN_OBJC_ROOT_CLASS = YES_ERROR;
				CLANG_WARN_RANGE_LOOP_ANALYSIS = YES;
				CLANG_WARN_STRICT_PROTOTYPES = YES;
				CLANG_WARN_SUSPICIOUS_MOVE = YES;
				CLANG_WARN_UNGUARDED_AVAILABILITY = YES_AGGRESSIVE;
				CLANG_WARN_UNREACHABLE_CODE = YES;
				CLANG_WARN__DUPLICATE_METHOD_MATCH = YES;
				CODE_SIGN_IDENTITY = "iPhone Developer";
				COPY_PHASE_STRIP = NO;
				DEBUG_INFORMATION_FORMAT = "dwarf-with-dsym";
				ENABLE_NS_ASSERTIONS = NO;
				ENABLE_STRICT_OBJC_MSGSEND = YES;
				GCC_C_LANGUAGE_STANDARD = gnu11;
				GCC_NO_COMMON_BLOCKS = YES;
				GCC_WARN_64_TO_32_BIT_CONVERSION = YES;
				GCC_WARN_ABOUT_RETURN_TYPE = YES_ERROR;
				GCC_WARN_UNDECLARED_SELECTOR = YES;
				GCC_WARN_UNINITIALIZED_AUTOS = YES_AGGRESSIVE;
				GCC_WARN_UNUSED_FUNCTION = YES;
				GCC_WARN_UNUSED_VARIABLE = YES;
				IPHONEOS_DEPLOYMENT_TARGET = 11.4;
				MTL_ENABLE_DEBUG_INFO = NO;
				SDKROOT = iphoneos;
				SWIFT_COMPILATION_MODE = wholemodule;
				SWIFT_OPTIMIZATION_LEVEL = "-O";
				VALIDATE_PRODUCT = YES;
			};
			name = Release;
		};
		D36F06A920CD816B00F192D9 /* Debug */ = {
			isa = XCBuildConfiguration;
			baseConfigurationReference = 4DC415B69FEBA9ADD46D7911 /* Pods-MLKit-Vision-Demo.debug.xcconfig */;
			buildSettings = {
				ASSETCATALOG_COMPILER_APPICON_NAME = AppIcon;
				CODE_SIGN_STYLE = Automatic;
				DEVELOPMENT_TEAM = T3TBY9W4TM;
				INFOPLIST_FILE = "$(SRCROOT)/MLKit-Vision-Demo/SupportingFiles/Info.plist";
				LD_RUNPATH_SEARCH_PATHS = (
					"$(inherited)",
					"@executable_path/Frameworks",
				);
				PRODUCT_BUNDLE_IDENTIFIER = "at.mws.mlkit-vision-demo";
				PRODUCT_NAME = "$(TARGET_NAME)";
				SWIFT_VERSION = 4.0;
				TARGETED_DEVICE_FAMILY = 1;
			};
			name = Debug;
		};
		D36F06AA20CD816B00F192D9 /* Release */ = {
			isa = XCBuildConfiguration;
			baseConfigurationReference = DC48606F49B003EB356EA9EE /* Pods-MLKit-Vision-Demo.release.xcconfig */;
			buildSettings = {
				ASSETCATALOG_COMPILER_APPICON_NAME = AppIcon;
				CODE_SIGN_STYLE = Automatic;
				DEVELOPMENT_TEAM = T3TBY9W4TM;
				INFOPLIST_FILE = "$(SRCROOT)/MLKit-Vision-Demo/SupportingFiles/Info.plist";
				LD_RUNPATH_SEARCH_PATHS = (
					"$(inherited)",
					"@executable_path/Frameworks",
				);
				PRODUCT_BUNDLE_IDENTIFIER = "at.mws.mlkit-vision-demo";
				PRODUCT_NAME = "$(TARGET_NAME)";
				SWIFT_VERSION = 4.0;
				TARGETED_DEVICE_FAMILY = 1;
			};
			name = Release;
		};
/* End XCBuildConfiguration section */

/* Begin XCConfigurationList section */
		D36F069120CD816A00F192D9 /* Build configuration list for PBXProject "MLKit-Vision-Demo" */ = {
			isa = XCConfigurationList;
			buildConfigurations = (
				D36F06A620CD816B00F192D9 /* Debug */,
				D36F06A720CD816B00F192D9 /* Release */,
			);
			defaultConfigurationIsVisible = 0;
			defaultConfigurationName = Release;
		};
		D36F06A820CD816B00F192D9 /* Build configuration list for PBXNativeTarget "MLKit-Vision-Demo" */ = {
			isa = XCConfigurationList;
			buildConfigurations = (
				D36F06A920CD816B00F192D9 /* Debug */,
				D36F06AA20CD816B00F192D9 /* Release */,
			);
			defaultConfigurationIsVisible = 0;
			defaultConfigurationName = Release;
		};
/* End XCConfigurationList section */
	};
	rootObject = D36F068E20CD816A00F192D9 /* Project object */;
}
